
Microsoft Visual Studio Solution File, Format Version 12.00
# Visual Studio Version 17
VisualStudioVersion = 17.0.31717.71
MinimumVisualStudioVersion = 10.0.40219.1
Project("{9A19103F-16F7-4668-BE54-9A1E7A4F7556}") = "StoreApi", "StoreApi.csproj", "{80F14342-435E-465E-A27A-274096082BB9}"
EndProject
Project("{E24C65DC-7377-472B-9ABA-BC803B73C61A}") = "client", "..\client\", "{2D21A588-65A9-45DB-9429-F6FDC340B795}"
	ProjectSection(WebsiteProperties) = preProject
		TargetFrameworkMoniker = ".NETFramework,Version%3Dv4.0"
		Debug.AspNetCompiler.VirtualPath = "/localhost_64061"
		Debug.AspNetCompiler.PhysicalPath = "..\client\"
		Debug.AspNetCompiler.TargetPath = "PrecompiledWeb\localhost_64061\"
		Debug.AspNetCompiler.Updateable = "true"
		Debug.AspNetCompiler.ForceOverwrite = "true"
		Debug.AspNetCompiler.FixedNames = "false"
		Debug.AspNetCompiler.Debug = "True"
		Release.AspNetCompiler.VirtualPath = "/localhost_64061"
		Release.AspNetCompiler.PhysicalPath = "..\client\"
		Release.AspNetCompiler.TargetPath = "PrecompiledWeb\localhost_64061\"
		Release.AspNetCompiler.Updateable = "true"
		Release.AspNetCompiler.ForceOverwrite = "true"
		Release.AspNetCompiler.FixedNames = "false"
		Release.AspNetCompiler.Debug = "False"
		VWDPort = "64061"
		SlnRelativePath = "..\client\"
	EndProjectSection
EndProject
Global
	GlobalSection(SolutionConfigurationPlatforms) = preSolution
		Debug|Any CPU = Debug|Any CPU
		Release|Any CPU = Release|Any CPU
	EndGlobalSection
	GlobalSection(ProjectConfigurationPlatforms) = postSolution
		{80F14342-435E-465E-A27A-274096082BB9}.Debug|Any CPU.ActiveCfg = Debug|Any CPU
		{80F14342-435E-465E-A27A-274096082BB9}.Debug|Any CPU.Build.0 = Debug|Any CPU
		{80F14342-435E-465E-A27A-274096082BB9}.Release|Any CPU.ActiveCfg = Release|Any CPU
		{80F14342-435E-465E-A27A-274096082BB9}.Release|Any CPU.Build.0 = Release|Any CPU
		{2D21A588-65A9-45DB-9429-F6FDC340B795}.Debug|Any CPU.ActiveCfg = Debug|Any CPU
		{2D21A588-65A9-45DB-9429-F6FDC340B795}.Debug|Any CPU.Build.0 = Debug|Any CPU
		{2D21A588-65A9-45DB-9429-F6FDC340B795}.Release|Any CPU.ActiveCfg = Debug|Any CPU
		{2D21A588-65A9-45DB-9429-F6FDC340B795}.Release|Any CPU.Build.0 = Debug|Any CPU
	EndGlobalSection
	GlobalSection(SolutionProperties) = preSolution
		HideSolutionNode = FALSE
	EndGlobalSection
	GlobalSection(ExtensibilityGlobals) = postSolution
		SolutionGuid = {5AECE488-76C7-44CD-B011-C2FFCEF12A13}
	EndGlobalSection
EndGlobal
